
Microsoft Visual Studio Solution File, Format Version 12.00
# Visual Studio 15
VisualStudioVersion = 15.0.28010.2036
MinimumVisualStudioVersion = 10.0.40219.1
Project("{FAE04EC0-301F-11D3-BF4B-00C04F79EFBC}") = "FamiTreeProject", "FamiTreeProject\FamiTreeProject.csproj", "{58EBB88C-0E37-4D5C-8303-0526CB29C6D2}"
EndProject
Global
	GlobalSection(SolutionConfigurationPlatforms) = preSolution
		Debug|Any CPU = Debug|Any CPU
		Release|Any CPU = Release|Any CPU
	EndGlobalSection
	GlobalSection(ProjectConfigurationPlatforms) = postSolution
		{58EBB88C-0E37-4D5C-8303-0526CB29C6D2}.Debug|Any CPU.ActiveCfg = Debug|Any CPU
		{58EBB88C-0E37-4D5C-8303-0526CB29C6D2}.Debug|Any CPU.Build.0 = Debug|Any CPU
		{58EBB88C-0E37-4D5C-8303-0526CB29C6D2}.Release|Any CPU.ActiveCfg = Release|Any CPU
		{58EBB88C-0E37-4D5C-8303-0526CB29C6D2}.Release|Any CPU.Build.0 = Release|Any CPU
	EndGlobalSection
	GlobalSection(SolutionProperties) = preSolution
		HideSolutionNode = FALSE
	EndGlobalSection
	GlobalSection(ExtensibilityGlobals) = postSolution
		SolutionGuid = {0DF4402E-F24D-480F-8F93-20110237E314}
	EndGlobalSection
EndGlobal
